
Microsoft Visual Studio Solution File, Format Version 12.00
# Visual Studio Version 17
VisualStudioVersion = 17.5.33627.172
MinimumVisualStudioVersion = 10.0.40219.1
Project("{888888A0-9F3D-457C-B088-3A5042F75D52}") = "CIS1110 Course Project", "CIS1110 Course Project.pyproj", "{29DCC878-BF4C-4507-A038-136EC5E401B0}"
EndProject
Global
	GlobalSection(SolutionConfigurationPlatforms) = preSolution
		Debug|Any CPU = Debug|Any CPU
		Release|Any CPU = Release|Any CPU
	EndGlobalSection
	GlobalSection(ProjectConfigurationPlatforms) = postSolution
		{29DCC878-BF4C-4507-A038-136EC5E401B0}.Debug|Any CPU.ActiveCfg = Debug|Any CPU
		{29DCC878-BF4C-4507-A038-136EC5E401B0}.Release|Any CPU.ActiveCfg = Release|Any CPU
	EndGlobalSection
	GlobalSection(SolutionProperties) = preSolution
		HideSolutionNode = FALSE
	EndGlobalSection
	GlobalSection(ExtensibilityGlobals) = postSolution
		SolutionGuid = {36124530-1D23-4B34-968D-0CA5070B2B83}
	EndGlobalSection
EndGlobal
